{
  "name": "muzkat-ext-widgets",
  "version": "1.0.0",
  "lockfileVersion": 2,
  "requires": true,
  "packages": {
    "": {
      "name": "muzkat-ext-widgets",
      "version": "1.0.0",
      "license": "ISC",
      "devDependencies": {
        "@muzkat/nextjs-tools": "^0.0.6"
      }
    },
    "node_modules/@muzkat/nextjs-tools": {
      "version": "0.0.6",
      "resolved": "https://npm.pkg.github.com/download/@muzkat/nextjs-tools/0.0.6/f58e640f5cd7cf0206b004d3733c84fa414f8f68d5b6d8a9a0c4d1dc4e482f18",
      "integrity": "sha512-D9EWsti8iGPn15247gfjp0nTmZ8nrP73/d/zwVPNynwHCDEyn1ExofnJfYAcBZeDu2EJqjujod/X5VEVdrOucw==",
      "dev": true,
      "license": "GPL-3.0-or-later"
    }
  },
  "dependencies": {
    "@muzkat/nextjs-tools": {
      "version": "0.0.6",
      "resolved": "https://npm.pkg.github.com/download/@muzkat/nextjs-tools/0.0.6/f58e640f5cd7cf0206b004d3733c84fa414f8f68d5b6d8a9a0c4d1dc4e482f18",
      "integrity": "sha512-D9EWsti8iGPn15247gfjp0nTmZ8nrP73/d/zwVPNynwHCDEyn1ExofnJfYAcBZeDu2EJqjujod/X5VEVdrOucw==",
      "dev": true
    }
  }
}
